
Microsoft Visual Studio Solution File, Format Version 12.00
# Visual Studio Version 16
VisualStudioVersion = 16.0.29806.167
MinimumVisualStudioVersion = 10.0.40219.1
Project("{FAE04EC0-301F-11D3-BF4B-00C04F79EFBC}") = "TheCoffeMechine", "TheCoffeMechine\TheCoffeMechine.csproj", "{D0F97BE5-B4DA-4E51-835D-B242A20CBFFD}"
EndProject
Global
	GlobalSection(SolutionConfigurationPlatforms) = preSolution
		Debug|Any CPU = Debug|Any CPU
		Release|Any CPU = Release|Any CPU
	EndGlobalSection
	GlobalSection(ProjectConfigurationPlatforms) = postSolution
		{D0F97BE5-B4DA-4E51-835D-B242A20CBFFD}.Debug|Any CPU.ActiveCfg = Debug|Any CPU
		{D0F97BE5-B4DA-4E51-835D-B242A20CBFFD}.Debug|Any CPU.Build.0 = Debug|Any CPU
		{D0F97BE5-B4DA-4E51-835D-B242A20CBFFD}.Release|Any CPU.ActiveCfg = Release|Any CPU
		{D0F97BE5-B4DA-4E51-835D-B242A20CBFFD}.Release|Any CPU.Build.0 = Release|Any CPU
	EndGlobalSection
	GlobalSection(SolutionProperties) = preSolution
		HideSolutionNode = FALSE
	EndGlobalSection
	GlobalSection(ExtensibilityGlobals) = postSolution
		SolutionGuid = {36BA0326-26CB-4551-B732-930BE9860C1F}
	EndGlobalSection
EndGlobal
